schema: '2.0'
stages:
  load_data:
    cmd: python src\load_data.py --config=params.yaml
    deps:
    - path: data_given\cybertrolls.json
      md5: 2fd8ec4af6f84e031fb397c369ec8d0c
      size: 2755907
    - path: src\get_data.py
      md5: 35d8eef0eb99c6e59e565874a857e503
      size: 1030
    - path: src\load_data.py
      md5: 903553036c23fe5d7d72f45d55d3a3b4
      size: 842
    outs:
    - path: data\raw\cybertrolls.csv
      md5: 51ba6de5bd46638e41d6a8390345a3d1
      size: 2186374
  split_data:
    cmd: python src\split_data.py --config=params.yaml
    deps:
    - path: data\raw\cybertrolls.csv
      md5: 51ba6de5bd46638e41d6a8390345a3d1
      size: 2186374
    - path: src\split_data.py
      md5: f1687c616351fddff4f8c3c25fc55e8e
      size: 1364
    outs:
    - path: data\processed\test_cybertrolls.csv
      md5: 6c20fc850ded388541c7b592bf9f2953
      size: 724284
    - path: data\processed\train_cybertrolls.csv
      md5: 200755ad4bb6e5ffd7ff229eb8393847
      size: 1462137
