schema: '2.0'
stages:
  load_data:
    cmd: python src\load_data.py --config=params.yaml
    deps:
    - path: data_given\cybertrolls.json
      md5: 2fd8ec4af6f84e031fb397c369ec8d0c
      size: 2755907
    - path: src\get_data.py
      md5: edefc4ac6a20157b76bb1c3c4ccf8c52
      size: 1049
    - path: src\load_data.py
      md5: a8cf6e32c588b30daf10932850d494b1
      size: 847
    outs:
    - path: data\raw\cybertrolls.csv
      md5: 51ba6de5bd46638e41d6a8390345a3d1
      size: 2186374
  split_data:
    cmd: python src\split_data.py --config=params.yaml
    deps:
    - path: data\raw\cybertrolls.csv
      md5: 51ba6de5bd46638e41d6a8390345a3d1
      size: 2186374
    - path: src\split_data.py
      md5: e0d97993817d733c4fabe71e0cf64670
      size: 1373
    outs:
    - path: data\processed\test_cybertrolls.csv
      md5: 5855f59a3affca841cb2d756ebfaab59
      size: 720771
    - path: data\processed\train_cybertrolls.csv
      md5: 8271ca232f9e71ba7341f28cf00c663b
      size: 1465650
  train_and_evaluate:
    cmd: python src/train_and_evaluate.py --config=params.yaml
    deps:
    - path: data/processed/test_cybertrolls.csv
      md5: 5855f59a3affca841cb2d756ebfaab59
      size: 720771
    - path: data/processed/train_cybertrolls.csv
      md5: 8271ca232f9e71ba7341f28cf00c663b
      size: 1465650
    - path: src/train_and_evaluate.py
      md5: 1170b4e53cd2fbea26f4ac4fc7afa53a
      size: 6409
    params:
      params.yaml:
        estimators.SupportVectorClassifier.params.gamma: scale
        estimators.SupportVectorClassifier.params.random_state: 42
    outs:
    - path: report\param.json
      md5: 64efd08b7b2ffcb3b8d155b5632fe824
      size: 57
    - path: report\scores.json
      md5: 48bc782820162a7f625a19e468ac1d3d
      size: 35
    - path: saved_models/finalized_model1.sav
      md5: 734c1b185d7a72c44df7a654a91d7a42
      size: 396757
